
Microsoft Visual Studio Solution File, Format Version 12.00
# Visual Studio Version 17
VisualStudioVersion = 17.7.34031.279
MinimumVisualStudioVersion = 10.0.40219.1
Project("{FAE04EC0-301F-11D3-BF4B-00C04F79EFBC}") = "lab11_idrisov", "lab11_idrisov\lab11_idrisov.csproj", "{66FBC21D-0829-4B85-B0CA-4749AA23E0D0}"
EndProject
Global
	GlobalSection(SolutionConfigurationPlatforms) = preSolution
		Debug|Any CPU = Debug|Any CPU
		Release|Any CPU = Release|Any CPU
	EndGlobalSection
	GlobalSection(ProjectConfigurationPlatforms) = postSolution
		{66FBC21D-0829-4B85-B0CA-4749AA23E0D0}.Debug|Any CPU.ActiveCfg = Debug|Any CPU
		{66FBC21D-0829-4B85-B0CA-4749AA23E0D0}.Debug|Any CPU.Build.0 = Debug|Any CPU
		{66FBC21D-0829-4B85-B0CA-4749AA23E0D0}.Release|Any CPU.ActiveCfg = Release|Any CPU
		{66FBC21D-0829-4B85-B0CA-4749AA23E0D0}.Release|Any CPU.Build.0 = Release|Any CPU
	EndGlobalSection
	GlobalSection(SolutionProperties) = preSolution
		HideSolutionNode = FALSE
	EndGlobalSection
	GlobalSection(ExtensibilityGlobals) = postSolution
		SolutionGuid = {BE092F9D-8D56-42DD-9C30-2F16AC235B9A}
	EndGlobalSection
EndGlobal
